{
  "name": "filther",
  "version": "1.0.3",
  "lockfileVersion": 2,
  "requires": true,
  "packages": {
    "": {
      "version": "1.0.3",
      "license": "MIT",
      "dependencies": {
        "filther": "^1.0.0"
      }
    },
    "node_modules/filther": {
      "version": "1.0.0",
      "resolved": "https://registry.npmjs.org/filther/-/filther-1.0.0.tgz",
      "integrity": "sha512-S3B4f1Lq+54UeiJMH6bDx05bIEFImxLD6vbOItsXBL/nz1+cyNf1Ln12iuVdlBYFlrBbvoynz2RCRZ4z1RUFRQ=="
    }
  },
  "dependencies": {
    "filther": {
      "version": "1.0.0",
      "resolved": "https://registry.npmjs.org/filther/-/filther-1.0.0.tgz",
      "integrity": "sha512-S3B4f1Lq+54UeiJMH6bDx05bIEFImxLD6vbOItsXBL/nz1+cyNf1Ln12iuVdlBYFlrBbvoynz2RCRZ4z1RUFRQ=="
    }
  }
}
